
Microsoft Visual Studio Solution File, Format Version 12.00
# Visual Studio Version 17
VisualStudioVersion = 17.11.35327.3
MinimumVisualStudioVersion = 10.0.40219.1
Project("{FAE04EC0-301F-11D3-BF4B-00C04F79EFBC}") = "Zad7", "Zad7.csproj", "{E9E5BB99-C03E-4486-BFB4-9803E26B78D2}"
EndProject
Global
	GlobalSection(SolutionConfigurationPlatforms) = preSolution
		Debug|Any CPU = Debug|Any CPU
		Release|Any CPU = Release|Any CPU
	EndGlobalSection
	GlobalSection(ProjectConfigurationPlatforms) = postSolution
		{E9E5BB99-C03E-4486-BFB4-9803E26B78D2}.Debug|Any CPU.ActiveCfg = Debug|Any CPU
		{E9E5BB99-C03E-4486-BFB4-9803E26B78D2}.Debug|Any CPU.Build.0 = Debug|Any CPU
		{E9E5BB99-C03E-4486-BFB4-9803E26B78D2}.Release|Any CPU.ActiveCfg = Release|Any CPU
		{E9E5BB99-C03E-4486-BFB4-9803E26B78D2}.Release|Any CPU.Build.0 = Release|Any CPU
	EndGlobalSection
	GlobalSection(SolutionProperties) = preSolution
		HideSolutionNode = FALSE
	EndGlobalSection
	GlobalSection(ExtensibilityGlobals) = postSolution
		SolutionGuid = {422EF850-250F-4257-889D-03557EC200DE}
	EndGlobalSection
EndGlobal
