
Microsoft Visual Studio Solution File, Format Version 12.00
# Visual Studio Version 17
VisualStudioVersion = 17.11.35327.3
MinimumVisualStudioVersion = 10.0.40219.1
Project("{FAE04EC0-301F-11D3-BF4B-00C04F79EFBC}") = "Sklep", "Sklep.csproj", "{D2BEAE96-4620-4D77-8BDF-2C0721DA53D8}"
EndProject
Global
	GlobalSection(SolutionConfigurationPlatforms) = preSolution
		Debug|Any CPU = Debug|Any CPU
		Release|Any CPU = Release|Any CPU
	EndGlobalSection
	GlobalSection(ProjectConfigurationPlatforms) = postSolution
		{D2BEAE96-4620-4D77-8BDF-2C0721DA53D8}.Debug|Any CPU.ActiveCfg = Debug|Any CPU
		{D2BEAE96-4620-4D77-8BDF-2C0721DA53D8}.Debug|Any CPU.Build.0 = Debug|Any CPU
		{D2BEAE96-4620-4D77-8BDF-2C0721DA53D8}.Release|Any CPU.ActiveCfg = Release|Any CPU
		{D2BEAE96-4620-4D77-8BDF-2C0721DA53D8}.Release|Any CPU.Build.0 = Release|Any CPU
	EndGlobalSection
	GlobalSection(SolutionProperties) = preSolution
		HideSolutionNode = FALSE
	EndGlobalSection
	GlobalSection(ExtensibilityGlobals) = postSolution
		SolutionGuid = {6DAB25C8-8458-4A3B-80F4-AD8517CE6B8C}
	EndGlobalSection
EndGlobal
